
Microsoft Visual Studio Solution File, Format Version 12.00
# Visual Studio Version 17
VisualStudioVersion = 17.13.35825.156 d17.13
MinimumVisualStudioVersion = 10.0.40219.1
Project("{FAE04EC0-301F-11D3-BF4B-00C04F79EFBC}") = "WeatherApp", "WeatherApp.csproj", "{403FECE7-2593-49E1-98ED-1B61028D6113}"
EndProject
Global
	GlobalSection(SolutionConfigurationPlatforms) = preSolution
		Debug|Any CPU = Debug|Any CPU
		Release|Any CPU = Release|Any CPU
	EndGlobalSection
	GlobalSection(ProjectConfigurationPlatforms) = postSolution
		{403FECE7-2593-49E1-98ED-1B61028D6113}.Debug|Any CPU.ActiveCfg = Debug|Any CPU
		{403FECE7-2593-49E1-98ED-1B61028D6113}.Debug|Any CPU.Build.0 = Debug|Any CPU
		{403FECE7-2593-49E1-98ED-1B61028D6113}.Release|Any CPU.ActiveCfg = Release|Any CPU
		{403FECE7-2593-49E1-98ED-1B61028D6113}.Release|Any CPU.Build.0 = Release|Any CPU
	EndGlobalSection
	GlobalSection(SolutionProperties) = preSolution
		HideSolutionNode = FALSE
	EndGlobalSection
	GlobalSection(ExtensibilityGlobals) = postSolution
		SolutionGuid = {D9D6CC3F-B5D5-40E4-8C65-4CC47F5CFC52}
	EndGlobalSection
EndGlobal
